
Microsoft Visual Studio Solution File, Format Version 12.00
# Visual Studio Version 16
VisualStudioVersion = 16.0.31321.278
MinimumVisualStudioVersion = 10.0.40219.1
Project("{9A19103F-16F7-4668-BE54-9A1E7A4F7556}") = "SWE1HttpServer", "SWE1HttpServer\SWE1HttpServer.csproj", "{A1DBDBE1-CCD6-4A3D-9F11-32FB77821A95}"
EndProject
Project("{FAE04EC0-301F-11D3-BF4B-00C04F79EFBC}") = "SWE1HttpServer.Test", "SWE1HttpServer.Test\SWE1HttpServer.Test.csproj", "{961AB9BB-2FFD-47F4-AB88-896A64CAB4F5}"
EndProject
Global
	GlobalSection(SolutionConfigurationPlatforms) = preSolution
		Debug|Any CPU = Debug|Any CPU
		Release|Any CPU = Release|Any CPU
	EndGlobalSection
	GlobalSection(ProjectConfigurationPlatforms) = postSolution
		{A1DBDBE1-CCD6-4A3D-9F11-32FB77821A95}.Debug|Any CPU.ActiveCfg = Debug|Any CPU
		{A1DBDBE1-CCD6-4A3D-9F11-32FB77821A95}.Debug|Any CPU.Build.0 = Debug|Any CPU
		{A1DBDBE1-CCD6-4A3D-9F11-32FB77821A95}.Release|Any CPU.ActiveCfg = Release|Any CPU
		{A1DBDBE1-CCD6-4A3D-9F11-32FB77821A95}.Release|Any CPU.Build.0 = Release|Any CPU
		{961AB9BB-2FFD-47F4-AB88-896A64CAB4F5}.Debug|Any CPU.ActiveCfg = Debug|Any CPU
		{961AB9BB-2FFD-47F4-AB88-896A64CAB4F5}.Debug|Any CPU.Build.0 = Debug|Any CPU
		{961AB9BB-2FFD-47F4-AB88-896A64CAB4F5}.Release|Any CPU.ActiveCfg = Release|Any CPU
		{961AB9BB-2FFD-47F4-AB88-896A64CAB4F5}.Release|Any CPU.Build.0 = Release|Any CPU
	EndGlobalSection
	GlobalSection(SolutionProperties) = preSolution
		HideSolutionNode = FALSE
	EndGlobalSection
	GlobalSection(ExtensibilityGlobals) = postSolution
		SolutionGuid = {B91CE01E-710B-4BA9-9214-49B3319733C2}
	EndGlobalSection
EndGlobal
